# This file is generated by running "yarn install" inside your project.
# Manual changes might be lost - proceed with caution!

__metadata:
  version: 8
  cacheKey: 10c0

"@jujulego/ring-linux-amd64@npm:0.0.0-dev, @jujulego/ring-linux-amd64@workspace:npm/ring-linux-amd64":
  version: 0.0.0-use.local
  resolution: "@jujulego/ring-linux-amd64@workspace:npm/ring-linux-amd64"
  languageName: unknown
  linkType: soft

"@jujulego/ring-macos-amd64@npm:0.0.0-dev, @jujulego/ring-macos-amd64@workspace:npm/ring-macos-amd64":
  version: 0.0.0-use.local
  resolution: "@jujulego/ring-macos-amd64@workspace:npm/ring-macos-amd64"
  languageName: unknown
  linkType: soft

"@jujulego/ring-macos-arm64@npm:0.0.0-dev, @jujulego/ring-macos-arm64@workspace:npm/ring-macos-arm64":
  version: 0.0.0-use.local
  resolution: "@jujulego/ring-macos-arm64@workspace:npm/ring-macos-arm64"
  languageName: unknown
  linkType: soft

"@jujulego/ring-windows-amd64@npm:0.0.0-dev, @jujulego/ring-windows-amd64@workspace:npm/ring-windows-amd64":
  version: 0.0.0-use.local
  resolution: "@jujulego/ring-windows-amd64@workspace:npm/ring-windows-amd64"
  languageName: unknown
  linkType: soft

"@jujulego/ring@workspace:npm/ring":
  version: 0.0.0-use.local
  resolution: "@jujulego/ring@workspace:npm/ring"
  dependencies:
    "@jujulego/ring-linux-amd64": "npm:0.0.0-dev"
    "@jujulego/ring-macos-amd64": "npm:0.0.0-dev"
    "@jujulego/ring-macos-arm64": "npm:0.0.0-dev"
    "@jujulego/ring-windows-amd64": "npm:0.0.0-dev"
  dependenciesMeta:
    "@jujulego/ring-linux-amd64":
      optional: true
    "@jujulego/ring-macos-amd64":
      optional: true
    "@jujulego/ring-macos-arm64":
      optional: true
    "@jujulego/ring-windows-amd64":
      optional: true
  bin:
    ring: ./bin/ring
  languageName: unknown
  linkType: soft

"ring@workspace:.":
  version: 0.0.0-use.local
  resolution: "ring@workspace:."
  languageName: unknown
  linkType: soft
